// !$*UTF8*$!
{
	archiveVersion = 1;
	classes = {
	};
	objectVersion = 48;
	objects = {

/* Begin PBXBuildFile section */
		651AE0B5200D7E6000267C03 /* AppDelegate.swift in Sources */ = {isa = PBXBuildFile; fileRef = 651AE0B4200D7E6000267C03 /* AppDelegate.swift */; };
		651AE0B7200D7E6000267C03 /* ViewController.swift in Sources */ = {isa = PBXBuildFile; fileRef = 651AE0B6200D7E6000267C03 /* ViewController.swift */; };
		651AE0BA200D7E6000267C03 /* Main.storyboard in Resources */ = {isa = PBXBuildFile; fileRef = 651AE0B8200D7E6000267C03 /* Main.storyboard */; };
		651AE0BC200D7E6000267C03 /* Assets.xcassets in Resources */ = {isa = PBXBuildFile; fileRef = 651AE0BB200D7E6000267C03 /* Assets.xcassets */; };
		651AE0BF200D7E6000267C03 /* LaunchScreen.storyboard in Resources */ = {isa = PBXBuildFile; fileRef = 651AE0BD200D7E6000267C03 /* LaunchScreen.storyboard */; };
		651AE0CA200D7E6000267C03 /* MenuViewTests.swift in Sources */ = {isa = PBXBuildFile; fileRef = 651AE0C9200D7E6000267C03 /* MenuViewTests.swift */; };
		651AE0D5200D7E6000267C03 /* MenuViewUITests.swift in Sources */ = {isa = PBXBuildFile; fileRef = 651AE0D4200D7E6000267C03 /* MenuViewUITests.swift */; };
		651AE0E3200D8CED00267C03 /* MenuView.swift in Sources */ = {isa = PBXBuildFile; fileRef = 651AE0E2200D8CED00267C03 /* MenuView.swift */; };
		651AE0E4200D8CED00267C03 /* MenuView.swift in Sources */ = {isa = PBXBuildFile; fileRef = 651AE0E2200D8CED00267C03 /* MenuView.swift */; };
		651AE0E5200D8CED00267C03 /* MenuView.swift in Sources */ = {isa = PBXBuildFile; fileRef = 651AE0E2200D8CED00267C03 /* MenuView.swift */; };
		651AE0E7200D8D0C00267C03 /* MenuComponents.swift in Sources */ = {isa = PBXBuildFile; fileRef = 651AE0E6200D8D0C00267C03 /* MenuComponents.swift */; };
		651AE0E8200D8D0C00267C03 /* MenuComponents.swift in Sources */ = {isa = PBXBuildFile; fileRef = 651AE0E6200D8D0C00267C03 /* MenuComponents.swift */; };
		651AE0E9200D8D0C00267C03 /* MenuComponents.swift in Sources */ = {isa = PBXBuildFile; fileRef = 651AE0E6200D8D0C00267C03 /* MenuComponents.swift */; };
/* End PBXBuildFile section */

/* Begin PBXContainerItemProxy section */
		651AE0C6200D7E6000267C03 /* PBXContainerItemProxy */ = {
			isa = PBXContainerItemProxy;
			containerPortal = 651AE0A9200D7E6000267C03 /* Project object */;
			proxyType = 1;
			remoteGlobalIDString = 651AE0B0200D7E6000267C03;
			remoteInfo = MenuView;
		};
		651AE0D1200D7E6000267C03 /* PBXContainerItemProxy */ = {
			isa = PBXContainerItemProxy;
			containerPortal = 651AE0A9200D7E6000267C03 /* Project object */;
			proxyType = 1;
			remoteGlobalIDString = 651AE0B0200D7E6000267C03;
			remoteInfo = MenuView;
		};
/* End PBXContainerItemProxy section */

/* Begin PBXFileReference section */
		651AE0B1200D7E6000267C03 /* MenuView.app */ = {isa = PBXFileReference; explicitFileType = wrapper.application; includeInIndex = 0; path = MenuView.app; sourceTree = BUILT_PRODUCTS_DIR; };
		651AE0B4200D7E6000267C03 /* AppDelegate.swift */ = {isa = PBXFileReference; lastKnownFileType = sourcecode.swift; path = AppDelegate.swift; sourceTree = "<group>"; };
		651AE0B6200D7E6000267C03 /* ViewController.swift */ = {isa = PBXFileReference; lastKnownFileType = sourcecode.swift; path = ViewController.swift; sourceTree = "<group>"; };
		651AE0B9200D7E6000267C03 /* Base */ = {isa = PBXFileReference; lastKnownFileType = file.storyboard; name = Base; path = Base.lproj/Main.storyboard; sourceTree = "<group>"; };
		651AE0BB200D7E6000267C03 /* Assets.xcassets */ = {isa = PBXFileReference; lastKnownFileType = folder.assetcatalog; path = Assets.xcassets; sourceTree = "<group>"; };
		651AE0BE200D7E6000267C03 /* Base */ = {isa = PBXFileReference; lastKnownFileType = file.storyboard; name = Base; path = Base.lproj/LaunchScreen.storyboard; sourceTree = "<group>"; };
		651AE0C0200D7E6000267C03 /* Info.plist */ = {isa = PBXFileReference; lastKnownFileType = text.plist.xml; path = Info.plist; sourceTree = "<group>"; };
		651AE0C5200D7E6000267C03 /* MenuViewTests.xctest */ = {isa = PBXFileReference; explicitFileType = wrapper.cfbundle; includeInIndex = 0; path = MenuViewTests.xctest; sourceTree = BUILT_PRODUCTS_DIR; };
		651AE0C9200D7E6000267C03 /* MenuViewTests.swift */ = {isa = PBXFileReference; lastKnownFileType = sourcecode.swift; path = MenuViewTests.swift; sourceTree = "<group>"; };
		651AE0CB200D7E6000267C03 /* Info.plist */ = {isa = PBXFileReference; lastKnownFileType = text.plist.xml; path = Info.plist; sourceTree = "<group>"; };
		651AE0D0200D7E6000267C03 /* MenuViewUITests.xctest */ = {isa = PBXFileReference; explicitFileType = wrapper.cfbundle; includeInIndex = 0; path = MenuViewUITests.xctest; sourceTree = BUILT_PRODUCTS_DIR; };
		651AE0D4200D7E6000267C03 /* MenuViewUITests.swift */ = {isa = PBXFileReference; lastKnownFileType = sourcecode.swift; path = MenuViewUITests.swift; sourceTree = "<group>"; };
		651AE0D6200D7E6000267C03 /* Info.plist */ = {isa = PBXFileReference; lastKnownFileType = text.plist.xml; path = Info.plist; sourceTree = "<group>"; };
		651AE0E2200D8CED00267C03 /* MenuView.swift */ = {isa = PBXFileReference; lastKnownFileType = sourcecode.swift; path = MenuView.swift; sourceTree = "<group>"; };
		651AE0E6200D8D0C00267C03 /* MenuComponents.swift */ = {isa = PBXFileReference; lastKnownFileType = sourcecode.swift; path = MenuComponents.swift; sourceTree = "<group>"; };
/* End PBXFileReference section */

/* Begin PBXFrameworksBuildPhase section */
		651AE0AE200D7E6000267C03 /* Frameworks */ = {
			isa = PBXFrameworksBuildPhase;
			buildActionMask = 2147483647;
			files = (
			);
			runOnlyForDeploymentPostprocessing = 0;
		};
		651AE0C2200D7E6000267C03 /* Frameworks */ = {
			isa = PBXFrameworksBuildPhase;
			buildActionMask = 2147483647;
			files = (
			);
			runOnlyForDeploymentPostprocessing = 0;
		};
		651AE0CD200D7E6000267C03 /* Frameworks */ = {
			isa = PBXFrameworksBuildPhase;
			buildActionMask = 2147483647;
			files = (
			);
			runOnlyForDeploymentPostprocessing = 0;
		};
/* End PBXFrameworksBuildPhase section */

/* Begin PBXGroup section */
		651AE0A8200D7E6000267C03 = {
			isa = PBXGroup;
			children = (
				651AE0B3200D7E6000267C03 /* MenuView */,
				651AE0C8200D7E6000267C03 /* MenuViewTests */,
				651AE0D3200D7E6000267C03 /* MenuViewUITests */,
				651AE0B2200D7E6000267C03 /* Products */,
			);
			sourceTree = "<group>";
		};
		651AE0B2200D7E6000267C03 /* Products */ = {
			isa = PBXGroup;
			children = (
				651AE0B1200D7E6000267C03 /* MenuView.app */,
				651AE0C5200D7E6000267C03 /* MenuViewTests.xctest */,
				651AE0D0200D7E6000267C03 /* MenuViewUITests.xctest */,
			);
			name = Products;
			sourceTree = "<group>";
		};
		651AE0B3200D7E6000267C03 /* MenuView */ = {
			isa = PBXGroup;
			children = (
				651AE0B4200D7E6000267C03 /* AppDelegate.swift */,
				651AE0B6200D7E6000267C03 /* ViewController.swift */,
				651AE0E2200D8CED00267C03 /* MenuView.swift */,
				651AE0E6200D8D0C00267C03 /* MenuComponents.swift */,
				651AE0B8200D7E6000267C03 /* Main.storyboard */,
				651AE0BB200D7E6000267C03 /* Assets.xcassets */,
				651AE0BD200D7E6000267C03 /* LaunchScreen.storyboard */,
				651AE0C0200D7E6000267C03 /* Info.plist */,
			);
			path = MenuView;
			sourceTree = "<group>";
		};
		651AE0C8200D7E6000267C03 /* MenuViewTests */ = {
			isa = PBXGroup;
			children = (
				651AE0C9200D7E6000267C03 /* MenuViewTests.swift */,
				651AE0CB200D7E6000267C03 /* Info.plist */,
			);
			path = MenuViewTests;
			sourceTree = "<group>";
		};
		651AE0D3200D7E6000267C03 /* MenuViewUITests */ = {
			isa = PBXGroup;
			children = (
				651AE0D4200D7E6000267C03 /* MenuViewUITests.swift */,
				651AE0D6200D7E6000267C03 /* Info.plist */,
			);
			path = MenuViewUITests;
			sourceTree = "<group>";
		};
/* End PBXGroup section */

/* Begin PBXNativeTarget section */
		651AE0B0200D7E6000267C03 /* MenuView */ = {
			isa = PBXNativeTarget;
			buildConfigurationList = 651AE0D9200D7E6000267C03 /* Build configuration list for PBXNativeTarget "MenuView" */;
			buildPhases = (
				651AE0AD200D7E6000267C03 /* Sources */,
				651AE0AE200D7E6000267C03 /* Frameworks */,
				651AE0AF200D7E6000267C03 /* Resources */,
			);
			buildRules = (
			);
			dependencies = (
			);
			name = MenuView;
			productName = MenuView;
			productReference = 651AE0B1200D7E6000267C03 /* MenuView.app */;
			productType = "com.apple.product-type.application";
		};
		651AE0C4200D7E6000267C03 /* MenuViewTests */ = {
			isa = PBXNativeTarget;
			buildConfigurationList = 651AE0DC200D7E6000267C03 /* Build configuration list for PBXNativeTarget "MenuViewTests" */;
			buildPhases = (
				651AE0C1200D7E6000267C03 /* Sources */,
				651AE0C2200D7E6000267C03 /* Frameworks */,
				651AE0C3200D7E6000267C03 /* Resources */,
			);
			buildRules = (
			);
			dependencies = (
				651AE0C7200D7E6000267C03 /* PBXTargetDependency */,
			);
			name = MenuViewTests;
			productName = MenuViewTests;
			productReference = 651AE0C5200D7E6000267C03 /* MenuViewTests.xctest */;
			productType = "com.apple.product-type.bundle.unit-test";
		};
		651AE0CF200D7E6000267C03 /* MenuViewUITests */ = {
			isa = PBXNativeTarget;
			buildConfigurationList = 651AE0DF200D7E6000267C03 /* Build configuration list for PBXNativeTarget "MenuViewUITests" */;
			buildPhases = (
				651AE0CC200D7E6000267C03 /* Sources */,
				651AE0CD200D7E6000267C03 /* Frameworks */,
				651AE0CE200D7E6000267C03 /* Resources */,
			);
			buildRules = (
			);
			dependencies = (
				651AE0D2200D7E6000267C03 /* PBXTargetDependency */,
			);
			name = MenuViewUITests;
			productName = MenuViewUITests;
			productReference = 651AE0D0200D7E6000267C03 /* MenuViewUITests.xctest */;
			productType = "com.apple.product-type.bundle.ui-testing";
		};
/* End PBXNativeTarget section */

/* Begin PBXProject section */
		651AE0A9200D7E6000267C03 /* Project object */ = {
			isa = PBXProject;
			attributes = {
				LastSwiftUpdateCheck = 0920;
				LastUpgradeCheck = 0920;
				ORGANIZATIONNAME = "Kreativ Apps, LLC";
				TargetAttributes = {
					651AE0B0200D7E6000267C03 = {
						CreatedOnToolsVersion = 9.2;
						ProvisioningStyle = Automatic;
					};
					651AE0C4200D7E6000267C03 = {
						CreatedOnToolsVersion = 9.2;
						ProvisioningStyle = Automatic;
						TestTargetID = 651AE0B0200D7E6000267C03;
					};
					651AE0CF200D7E6000267C03 = {
						CreatedOnToolsVersion = 9.2;
						ProvisioningStyle = Automatic;
						TestTargetID = 651AE0B0200D7E6000267C03;
					};
				};
			};
			buildConfigurationList = 651AE0AC200D7E6000267C03 /* Build configuration list for PBXProject "MenuView" */;
			compatibilityVersion = "Xcode 8.0";
			developmentRegion = en;
			hasScannedForEncodings = 0;
			knownRegions = (
				en,
				Base,
			);
			mainGroup = 651AE0A8200D7E6000267C03;
			productRefGroup = 651AE0B2200D7E6000267C03 /* Products */;
			projectDirPath = "";
			projectRoot = "";
			targets = (
				651AE0B0200D7E6000267C03 /* MenuView */,
				651AE0C4200D7E6000267C03 /* MenuViewTests */,
				651AE0CF200D7E6000267C03 /* MenuViewUITests */,
			);
		};
/* End PBXProject section */

/* Begin PBXResourcesBuildPhase section */
		651AE0AF200D7E6000267C03 /* Resources */ = {
			isa = PBXResourcesBuildPhase;
			buildActionMask = 2147483647;
			files = (
				651AE0BF200D7E6000267C03 /* LaunchScreen.storyboard in Resources */,
				651AE0BC200D7E6000267C03 /* Assets.xcassets in Resources */,
				651AE0BA200D7E6000267C03 /* Main.storyboard in Resources */,
			);
			runOnlyForDeploymentPostprocessing = 0;
		};
		651AE0C3200D7E6000267C03 /* Resources */ = {
			isa = PBXResourcesBuildPhase;
			buildActionMask = 2147483647;
			files = (
			);
			runOnlyForDeploymentPostprocessing = 0;
		};
		651AE0CE200D7E6000267C03 /* Resources */ = {
			isa = PBXResourcesBuildPhase;
			buildActionMask = 2147483647;
			files = (
			);
			runOnlyForDeploymentPostprocessing = 0;
		};
/* End PBXResourcesBuildPhase section */

/* Begin PBXSourcesBuildPhase section */
		651AE0AD200D7E6000267C03 /* Sources */ = {
			isa = PBXSourcesBuildPhase;
			buildActionMask = 2147483647;
			files = (
				651AE0B7200D7E6000267C03 /* ViewController.swift in Sources */,
				651AE0E3200D8CED00267C03 /* MenuView.swift in Sources */,
				651AE0E7200D8D0C00267C03 /* MenuComponents.swift in Sources */,
				651AE0B5200D7E6000267C03 /* AppDelegate.swift in Sources */,
			);
			runOnlyForDeploymentPostprocessing = 0;
		};
		651AE0C1200D7E6000267C03 /* Sources */ = {
			isa = PBXSourcesBuildPhase;
			buildActionMask = 2147483647;
			files = (
				651AE0E8200D8D0C00267C03 /* MenuComponents.swift in Sources */,
				651AE0CA200D7E6000267C03 /* MenuViewTests.swift in Sources */,
				651AE0E4200D8CED00267C03 /* MenuView.swift in Sources */,
			);
			runOnlyForDeploymentPostprocessing = 0;
		};
		651AE0CC200D7E6000267C03 /* Sources */ = {
			isa = PBXSourcesBuildPhase;
			buildActionMask = 2147483647;
			files = (
				651AE0E9200D8D0C00267C03 /* MenuComponents.swift in Sources */,
				651AE0D5200D7E6000267C03 /* MenuViewUITests.swift in Sources */,
				651AE0E5200D8CED00267C03 /* MenuView.swift in Sources */,
			);
			runOnlyForDeploymentPostprocessing = 0;
		};
/* End PBXSourcesBuildPhase section */

/* Begin PBXTargetDependency section */
		651AE0C7200D7E6000267C03 /* PBXTargetDependency */ = {
			isa = PBXTargetDependency;
			target = 651AE0B0200D7E6000267C03 /* MenuView */;
			targetProxy = 651AE0C6200D7E6000267C03 /* PBXContainerItemProxy */;
		};
		651AE0D2200D7E6000267C03 /* PBXTargetDependency */ = {
			isa = PBXTargetDependency;
			target = 651AE0B0200D7E6000267C03 /* MenuView */;
			targetProxy = 651AE0D1200D7E6000267C03 /* PBXContainerItemProxy */;
		};
/* End PBXTargetDependency section */

/* Begin PBXVariantGroup section */
		651AE0B8200D7E6000267C03 /* Main.storyboard */ = {
			isa = PBXVariantGroup;
			children = (
				651AE0B9200D7E6000267C03 /* Base */,
			);
			name = Main.storyboard;
			sourceTree = "<group>";
		};
		651AE0BD200D7E6000267C03 /* LaunchScreen.storyboard */ = {
			isa = PBXVariantGroup;
			children = (
				651AE0BE200D7E6000267C03 /* Base */,
			);
			name = LaunchScreen.storyboard;
			sourceTree = "<group>";
		};
/* End PBXVariantGroup section */

/* Begin XCBuildConfiguration section */
		651AE0D7200D7E6000267C03 /* Debug */ = {
			isa = XCBuildConfiguration;
			buildSettings = {
				ALWAYS_SEARCH_USER_PATHS = NO;
				CLANG_ANALYZER_NONNULL = YES;
				CLANG_ANALYZER_NUMBER_OBJECT_CONVERSION = YES_AGGRESSIVE;
				CLANG_CXX_LANGUAGE_STANDARD = "gnu++14";
				CLANG_CXX_LIBRARY = "libc++";
				CLANG_ENABLE_MODULES = YES;
				CLANG_ENABLE_OBJC_ARC = YES;
				CLANG_WARN_BLOCK_CAPTURE_AUTORELEASING = YES;
				CLANG_WARN_BOOL_CONVERSION = YES;
				CLANG_WARN_COMMA = YES;
				CLANG_WARN_CONSTANT_CONVERSION = YES;
				CLANG_WARN_DIRECT_OBJC_ISA_USAGE = YES_ERROR;
				CLANG_WARN_DOCUMENTATION_COMMENTS = YES;
				CLANG_WARN_EMPTY_BODY = YES;
				CLANG_WARN_ENUM_CONVERSION = YES;
				CLANG_WARN_INFINITE_RECURSION = YES;
				CLANG_WARN_INT_CONVERSION = YES;
				CLANG_WARN_NON_LITERAL_NULL_CONVERSION = YES;
				CLANG_WARN_OBJC_LITERAL_CONVERSION = YES;
				CLANG_WARN_OBJC_ROOT_CLASS = YES_ERROR;
				CLANG_WARN_RANGE_LOOP_ANALYSIS = YES;
				CLANG_WARN_STRICT_PROTOTYPES = YES;
				CLANG_WARN_SUSPICIOUS_MOVE = YES;
				CLANG_WARN_UNGUARDED_AVAILABILITY = YES_AGGRESSIVE;
				CLANG_WARN_UNREACHABLE_CODE = YES;
				CLANG_WARN__DUPLICATE_METHOD_MATCH = YES;
				CODE_SIGN_IDENTITY = "iPhone Developer";
				COPY_PHASE_STRIP = NO;
				DEBUG_INFORMATION_FORMAT = dwarf;
				ENABLE_STRICT_OBJC_MSGSEND = YES;
				ENABLE_TESTABILITY = YES;
				GCC_C_LANGUAGE_STANDARD = gnu11;
				GCC_DYNAMIC_NO_PIC = NO;
				GCC_NO_COMMON_BLOCKS = YES;
				GCC_OPTIMIZATION_LEVEL = 0;
				GCC_PREPROCESSOR_DEFINITIONS = (
					"DEBUG=1",
					"$(inherited)",
				);
				GCC_WARN_64_TO_32_BIT_CONVERSION = YES;
				GCC_WARN_ABOUT_RETURN_TYPE = YES_ERROR;
				GCC_WARN_UNDECLARED_SELECTOR = YES;
				GCC_WARN_UNINITIALIZED_AUTOS = YES_AGGRESSIVE;
				GCC_WARN_UNUSED_FUNCTION = YES;
				GCC_WARN_UNUSED_VARIABLE = YES;
				IPHONEOS_DEPLOYMENT_TARGET = 11.2;
				MTL_ENABLE_DEBUG_INFO = YES;
				ONLY_ACTIVE_ARCH = YES;
				SDKROOT = iphoneos;
				SWIFT_ACTIVE_COMPILATION_CONDITIONS = DEBUG;
				SWIFT_OPTIMIZATION_LEVEL = "-Onone";
			};
			name = Debug;
		};
		651AE0D8200D7E6000267C03 /* Release */ = {
			isa = XCBuildConfiguration;
			buildSettings = {
				ALWAYS_SEARCH_USER_PATHS = NO;
				CLANG_ANALYZER_NONNULL = YES;
				CLANG_ANALYZER_NUMBER_OBJECT_CONVERSION = YES_AGGRESSIVE;
				CLANG_CXX_LANGUAGE_STANDARD = "gnu++14";
				CLANG_CXX_LIBRARY = "libc++";
				CLANG_ENABLE_MODULES = YES;
				CLANG_ENABLE_OBJC_ARC = YES;
				CLANG_WARN_BLOCK_CAPTURE_AUTORELEASING = YES;
				CLANG_WARN_BOOL_CONVERSION = YES;
				CLANG_WARN_COMMA = YES;
				CLANG_WARN_CONSTANT_CONVERSION = YES;
				CLANG_WARN_DIRECT_OBJC_ISA_USAGE = YES_ERROR;
				CLANG_WARN_DOCUMENTATION_COMMENTS = YES;
				CLANG_WARN_EMPTY_BODY = YES;
				CLANG_WARN_ENUM_CONVERSION = YES;
				CLANG_WARN_INFINITE_RECURSION = YES;
				CLANG_WARN_INT_CONVERSION = YES;
				CLANG_WARN_NON_LITERAL_NULL_CONVERSION = YES;
				CLANG_WARN_OBJC_LITERAL_CONVERSION = YES;
				CLANG_WARN_OBJC_ROOT_CLASS = YES_ERROR;
				CLANG_WARN_RANGE_LOOP_ANALYSIS = YES;
				CLANG_WARN_STRICT_PROTOTYPES = YES;
				CLANG_WARN_SUSPICIOUS_MOVE = YES;
				CLANG_WARN_UNGUARDED_AVAILABILITY = YES_AGGRESSIVE;
				CLANG_WARN_UNREACHABLE_CODE = YES;
				CLANG_WARN__DUPLICATE_METHOD_MATCH = YES;
				CODE_SIGN_IDENTITY = "iPhone Developer";
				COPY_PHASE_STRIP = NO;
				DEBUG_INFORMATION_FORMAT = "dwarf-with-dsym";
				ENABLE_NS_ASSERTIONS = NO;
				ENABLE_STRICT_OBJC_MSGSEND = YES;
				GCC_C_LANGUAGE_STANDARD = gnu11;
				GCC_NO_COMMON_BLOCKS = YES;
				GCC_WARN_64_TO_32_BIT_CONVERSION = YES;
				GCC_WARN_ABOUT_RETURN_TYPE = YES_ERROR;
				GCC_WARN_UNDECLARED_SELECTOR = YES;
				GCC_WARN_UNINITIALIZED_AUTOS = YES_AGGRESSIVE;
				GCC_WARN_UNUSED_FUNCTION = YES;
				GCC_WARN_UNUSED_VARIABLE = YES;
				IPHONEOS_DEPLOYMENT_TARGET = 11.2;
				MTL_ENABLE_DEBUG_INFO = NO;
				SDKROOT = iphoneos;
				SWIFT_OPTIMIZATION_LEVEL = "-Owholemodule";
				VALIDATE_PRODUCT = YES;
			};
			name = Release;
		};
		651AE0DA200D7E6000267C03 /* Debug */ = {
			isa = XCBuildConfiguration;
			buildSettings = {
				ASSETCATALOG_COMPILER_APPICON_NAME = AppIcon;
				ASSETCATALOG_COMPILER_LAUNCHIMAGE_NAME = LaunchImage;
				CODE_SIGN_STYLE = Automatic;
				DEVELOPMENT_TEAM = VA8JT78R9M;
				INFOPLIST_FILE = MenuView/Info.plist;
				LD_RUNPATH_SEARCH_PATHS = "$(inherited) @executable_path/Frameworks";
				PRODUCT_BUNDLE_IDENTIFIER = com.kreativapps.MenuView;
				PRODUCT_NAME = "$(TARGET_NAME)";
				SWIFT_VERSION = 4.0;
				TARGETED_DEVICE_FAMILY = "1,2";
			};
			name = Debug;
		};
		651AE0DB200D7E6000267C03 /* Release */ = {
			isa = XCBuildConfiguration;
			buildSettings = {
				ASSETCATALOG_COMPILER_APPICON_NAME = AppIcon;
				ASSETCATALOG_COMPILER_LAUNCHIMAGE_NAME = LaunchImage;
				CODE_SIGN_STYLE = Automatic;
				DEVELOPMENT_TEAM = VA8JT78R9M;
				INFOPLIST_FILE = MenuView/Info.plist;
				LD_RUNPATH_SEARCH_PATHS = "$(inherited) @executable_path/Frameworks";
				PRODUCT_BUNDLE_IDENTIFIER = com.kreativapps.MenuView;
				PRODUCT_NAME = "$(TARGET_NAME)";
				SWIFT_VERSION = 4.0;
				TARGETED_DEVICE_FAMILY = "1,2";
			};
			name = Release;
		};
		651AE0DD200D7E6000267C03 /* Debug */ = {
			isa = XCBuildConfiguration;
			buildSettings = {
				ALWAYS_EMBED_SWIFT_STANDARD_LIBRARIES = YES;
				BUNDLE_LOADER = "$(TEST_HOST)";
				CODE_SIGN_STYLE = Automatic;
				DEVELOPMENT_TEAM = VA8JT78R9M;
				INFOPLIST_FILE = MenuViewTests/Info.plist;
				LD_RUNPATH_SEARCH_PATHS = "$(inherited) @executable_path/Frameworks @loader_path/Frameworks";
				PRODUCT_BUNDLE_IDENTIFIER = com.kreativapps.MenuViewTests;
				PRODUCT_NAME = "$(TARGET_NAME)";
				SWIFT_VERSION = 4.0;
				TARGETED_DEVICE_FAMILY = "1,2";
				TEST_HOST = "$(BUILT_PRODUCTS_DIR)/MenuView.app/MenuView";
			};
			name = Debug;
		};
		651AE0DE200D7E6000267C03 /* Release */ = {
			isa = XCBuildConfiguration;
			buildSettings = {
				ALWAYS_EMBED_SWIFT_STANDARD_LIBRARIES = YES;
				BUNDLE_LOADER = "$(TEST_HOST)";
				CODE_SIGN_STYLE = Automatic;
				DEVELOPMENT_TEAM = VA8JT78R9M;
				INFOPLIST_FILE = MenuViewTests/Info.plist;
				LD_RUNPATH_SEARCH_PATHS = "$(inherited) @executable_path/Frameworks @loader_path/Frameworks";
				PRODUCT_BUNDLE_IDENTIFIER = com.kreativapps.MenuViewTests;
				PRODUCT_NAME = "$(TARGET_NAME)";
				SWIFT_VERSION = 4.0;
				TARGETED_DEVICE_FAMILY = "1,2";
				TEST_HOST = "$(BUILT_PRODUCTS_DIR)/MenuView.app/MenuView";
			};
			name = Release;
		};
		651AE0E0200D7E6000267C03 /* Debug */ = {
			isa = XCBuildConfiguration;
			buildSettings = {
				ALWAYS_EMBED_SWIFT_STANDARD_LIBRARIES = YES;
				CODE_SIGN_STYLE = Automatic;
				DEVELOPMENT_TEAM = VA8JT78R9M;
				INFOPLIST_FILE = MenuViewUITests/Info.plist;
				LD_RUNPATH_SEARCH_PATHS = "$(inherited) @executable_path/Frameworks @loader_path/Frameworks";
				PRODUCT_BUNDLE_IDENTIFIER = com.kreativapps.MenuViewUITests;
				PRODUCT_NAME = "$(TARGET_NAME)";
				SWIFT_VERSION = 4.0;
				TARGETED_DEVICE_FAMILY = "1,2";
				TEST_TARGET_NAME = MenuView;
			};
			name = Debug;
		};
		651AE0E1200D7E6000267C03 /* Release */ = {
			isa = XCBuildConfiguration;
			buildSettings = {
				ALWAYS_EMBED_SWIFT_STANDARD_LIBRARIES = YES;
				CODE_SIGN_STYLE = Automatic;
				DEVELOPMENT_TEAM = VA8JT78R9M;
				INFOPLIST_FILE = MenuViewUITests/Info.plist;
				LD_RUNPATH_SEARCH_PATHS = "$(inherited) @executable_path/Frameworks @loader_path/Frameworks";
				PRODUCT_BUNDLE_IDENTIFIER = com.kreativapps.MenuViewUITests;
				PRODUCT_NAME = "$(TARGET_NAME)";
				SWIFT_VERSION = 4.0;
				TARGETED_DEVICE_FAMILY = "1,2";
				TEST_TARGET_NAME = MenuView;
			};
			name = Release;
		};
/* End XCBuildConfiguration section */

/* Begin XCConfigurationList section */
		651AE0AC200D7E6000267C03 /* Build configuration list for PBXProject "MenuView" */ = {
			isa = XCConfigurationList;
			buildConfigurations = (
				651AE0D7200D7E6000267C03 /* Debug */,
				651AE0D8200D7E6000267C03 /* Release */,
			);
			defaultConfigurationIsVisible = 0;
			defaultConfigurationName = Release;
		};
		651AE0D9200D7E6000267C03 /* Build configuration list for PBXNativeTarget "MenuView" */ = {
			isa = XCConfigurationList;
			buildConfigurations = (
				651AE0DA200D7E6000267C03 /* Debug */,
				651AE0DB200D7E6000267C03 /* Release */,
			);
			defaultConfigurationIsVisible = 0;
			defaultConfigurationName = Release;
		};
		651AE0DC200D7E6000267C03 /* Build configuration list for PBXNativeTarget "MenuViewTests" */ = {
			isa = XCConfigurationList;
			buildConfigurations = (
				651AE0DD200D7E6000267C03 /* Debug */,
				651AE0DE200D7E6000267C03 /* Release */,
			);
			defaultConfigurationIsVisible = 0;
			defaultConfigurationName = Release;
		};
		651AE0DF200D7E6000267C03 /* Build configuration list for PBXNativeTarget "MenuViewUITests" */ = {
			isa = XCConfigurationList;
			buildConfigurations = (
				651AE0E0200D7E6000267C03 /* Debug */,
				651AE0E1200D7E6000267C03 /* Release */,
			);
			defaultConfigurationIsVisible = 0;
			defaultConfigurationName = Release;
		};
/* End XCConfigurationList section */
	};
	rootObject = 651AE0A9200D7E6000267C03 /* Project object */;
}
